
Microsoft Visual Studio Solution File, Format Version 11.00
# Visual Studio 2010
Project("{FAE04EC0-301F-11D3-BF4B-00C04F79EFBC}") = "Assembly-CSharp", "Assembly-CSharp.csproj", "{ADB6DFFB-F255-EA5A-2EFF-EE57BF5D7267}"
EndProject
Project("{FAE04EC0-301F-11D3-BF4B-00C04F79EFBC}") = "UMotionSourceApplication", "UMotionSourceApplication.csproj", "{63F0445C-45BF-B2E7-3874-1B2C8BC4A769}"
EndProject
Project("{FAE04EC0-301F-11D3-BF4B-00C04F79EFBC}") = "Assembly-CSharp-Editor", "Assembly-CSharp-Editor.csproj", "{F3AB6E0B-56F3-B3EC-9C42-B0EB0EF1CF42}"
EndProject
Project("{FAE04EC0-301F-11D3-BF4B-00C04F79EFBC}") = "UMotionSourceEditor", "UMotionSourceEditor.csproj", "{FEE80E7F-6D97-BFCB-3D74-BA0010A5C086}"
EndProject
Global
	GlobalSection(SolutionConfigurationPlatforms) = preSolution
		Debug|Any CPU = Debug|Any CPU
		Release|Any CPU = Release|Any CPU
	EndGlobalSection
	GlobalSection(ProjectConfigurationPlatforms) = postSolution
		{ADB6DFFB-F255-EA5A-2EFF-EE57BF5D7267}.Debug|Any CPU.ActiveCfg = Debug|Any CPU
		{ADB6DFFB-F255-EA5A-2EFF-EE57BF5D7267}.Debug|Any CPU.Build.0 = Debug|Any CPU
		{ADB6DFFB-F255-EA5A-2EFF-EE57BF5D7267}.Release|Any CPU.ActiveCfg = Release|Any CPU
		{ADB6DFFB-F255-EA5A-2EFF-EE57BF5D7267}.Release|Any CPU.Build.0 = Release|Any CPU
		{63F0445C-45BF-B2E7-3874-1B2C8BC4A769}.Debug|Any CPU.ActiveCfg = Debug|Any CPU
		{63F0445C-45BF-B2E7-3874-1B2C8BC4A769}.Debug|Any CPU.Build.0 = Debug|Any CPU
		{63F0445C-45BF-B2E7-3874-1B2C8BC4A769}.Release|Any CPU.ActiveCfg = Release|Any CPU
		{63F0445C-45BF-B2E7-3874-1B2C8BC4A769}.Release|Any CPU.Build.0 = Release|Any CPU
		{F3AB6E0B-56F3-B3EC-9C42-B0EB0EF1CF42}.Debug|Any CPU.ActiveCfg = Debug|Any CPU
		{F3AB6E0B-56F3-B3EC-9C42-B0EB0EF1CF42}.Debug|Any CPU.Build.0 = Debug|Any CPU
		{F3AB6E0B-56F3-B3EC-9C42-B0EB0EF1CF42}.Release|Any CPU.ActiveCfg = Release|Any CPU
		{F3AB6E0B-56F3-B3EC-9C42-B0EB0EF1CF42}.Release|Any CPU.Build.0 = Release|Any CPU
		{FEE80E7F-6D97-BFCB-3D74-BA0010A5C086}.Debug|Any CPU.ActiveCfg = Debug|Any CPU
		{FEE80E7F-6D97-BFCB-3D74-BA0010A5C086}.Debug|Any CPU.Build.0 = Debug|Any CPU
		{FEE80E7F-6D97-BFCB-3D74-BA0010A5C086}.Release|Any CPU.ActiveCfg = Release|Any CPU
		{FEE80E7F-6D97-BFCB-3D74-BA0010A5C086}.Release|Any CPU.Build.0 = Release|Any CPU
	EndGlobalSection
	GlobalSection(SolutionProperties) = preSolution
		HideSolutionNode = FALSE
	EndGlobalSection
EndGlobal
